# THIS IS AN AUTOGENERATED FILE. DO NOT EDIT THIS FILE DIRECTLY.
# yarn lockfile v1


"@tanstack/query-core@5.24.1":
  version "5.24.1"
  resolved "https://registry.yarnpkg.com/@tanstack/query-core/-/query-core-5.24.1.tgz#d40928dec22b47df97fb2648e8c499772e8d7eb2"
  integrity sha512-DZ6Nx9p7BhjkG50ayJ+MKPgff+lMeol7QYXkvuU5jr2ryW/4ok5eanaS9W5eooA4xN0A/GPHdLGOZGzArgf5Cg==

"@tanstack/react-query@^5.24.1":
  version "5.24.1"
  resolved "https://registry.yarnpkg.com/@tanstack/react-query/-/react-query-5.24.1.tgz#bcb913febe0d813cec1fda7783298d07aa998b20"
  integrity sha512-4+09JEdO4d6+Gc8Y/g2M/MuxDK5IY0QV8+2wL2304wPKJgJ54cBbULd3nciJ5uvh/as8rrxx6s0mtIwpRuGd1g==
  dependencies:
    "@tanstack/query-core" "5.24.1"
